
Microsoft Visual Studio Solution File, Format Version 12.00
# Visual Studio 15
VisualStudioVersion = 15.0.27130.2036
MinimumVisualStudioVersion = 10.0.40219.1
Project("{9A19103F-16F7-4668-BE54-9A1E7A4F7556}") = "KMeansClustering", "KMeans-Clustering\KMeansClustering.csproj", "{DAE0B9A2-572E-439F-B713-CBC5C794AD42}"
EndProject
Global
	GlobalSection(SolutionConfigurationPlatforms) = preSolution
		Debug|Any CPU = Debug|Any CPU
		Release|Any CPU = Release|Any CPU
	EndGlobalSection
	GlobalSection(ProjectConfigurationPlatforms) = postSolution
		{DAE0B9A2-572E-439F-B713-CBC5C794AD42}.Debug|Any CPU.ActiveCfg = Debug|Any CPU
		{DAE0B9A2-572E-439F-B713-CBC5C794AD42}.Debug|Any CPU.Build.0 = Debug|Any CPU
		{DAE0B9A2-572E-439F-B713-CBC5C794AD42}.Release|Any CPU.ActiveCfg = Release|Any CPU
		{DAE0B9A2-572E-439F-B713-CBC5C794AD42}.Release|Any CPU.Build.0 = Release|Any CPU
	EndGlobalSection
	GlobalSection(SolutionProperties) = preSolution
		HideSolutionNode = FALSE
	EndGlobalSection
	GlobalSection(ExtensibilityGlobals) = postSolution
		SolutionGuid = {B2E29379-1584-4EC3-B889-4B3AADA822A8}
	EndGlobalSection
EndGlobal
